
Microsoft Visual Studio Solution File, Format Version 12.00
# Visual Studio Version 16
VisualStudioVersion = 16.0.29020.237
MinimumVisualStudioVersion = 10.0.40219.1
Project("{FAE04EC0-301F-11D3-BF4B-00C04F79EFBC}") = "DataBaseEditor", "DataBaseEditor\DataBaseEditor.csproj", "{B3C52EB8-0F15-4B05-89C8-BEDD471160FE}"
EndProject
Project("{FAE04EC0-301F-11D3-BF4B-00C04F79EFBC}") = "DataBaseEditorTests", "DataBaseEditorTests\DataBaseEditorTests.csproj", "{E7E5C808-B8B0-47F8-A6F2-A8C52AB6CB8D}"
EndProject
Global
	GlobalSection(SolutionConfigurationPlatforms) = preSolution
		Debug|Any CPU = Debug|Any CPU
		Release|Any CPU = Release|Any CPU
	EndGlobalSection
	GlobalSection(ProjectConfigurationPlatforms) = postSolution
		{B3C52EB8-0F15-4B05-89C8-BEDD471160FE}.Debug|Any CPU.ActiveCfg = Debug|Any CPU
		{B3C52EB8-0F15-4B05-89C8-BEDD471160FE}.Debug|Any CPU.Build.0 = Debug|Any CPU
		{B3C52EB8-0F15-4B05-89C8-BEDD471160FE}.Release|Any CPU.ActiveCfg = Release|Any CPU
		{B3C52EB8-0F15-4B05-89C8-BEDD471160FE}.Release|Any CPU.Build.0 = Release|Any CPU
		{E7E5C808-B8B0-47F8-A6F2-A8C52AB6CB8D}.Debug|Any CPU.ActiveCfg = Debug|Any CPU
		{E7E5C808-B8B0-47F8-A6F2-A8C52AB6CB8D}.Debug|Any CPU.Build.0 = Debug|Any CPU
		{E7E5C808-B8B0-47F8-A6F2-A8C52AB6CB8D}.Release|Any CPU.ActiveCfg = Release|Any CPU
		{E7E5C808-B8B0-47F8-A6F2-A8C52AB6CB8D}.Release|Any CPU.Build.0 = Release|Any CPU
	EndGlobalSection
	GlobalSection(SolutionProperties) = preSolution
		HideSolutionNode = FALSE
	EndGlobalSection
	GlobalSection(ExtensibilityGlobals) = postSolution
		SolutionGuid = {74073568-AD59-4893-B172-1C9CABB266BD}
	EndGlobalSection
EndGlobal
